
Microsoft Visual Studio Solution File, Format Version 12.00
# Visual Studio Version 17
VisualStudioVersion = 17.3.32825.248
MinimumVisualStudioVersion = 10.0.40219.1
Project("{FAE04EC0-301F-11D3-BF4B-00C04F79EFBC}") = "Snake_CS", "Snake_CS\Snake_CS.csproj", "{3BA7D7FF-6729-4E4C-9FEA-2A4A4B4C5A60}"
EndProject
Global
	GlobalSection(SolutionConfigurationPlatforms) = preSolution
		Debug|Any CPU = Debug|Any CPU
		Release|Any CPU = Release|Any CPU
	EndGlobalSection
	GlobalSection(ProjectConfigurationPlatforms) = postSolution
		{3BA7D7FF-6729-4E4C-9FEA-2A4A4B4C5A60}.Debug|Any CPU.ActiveCfg = Debug|Any CPU
		{3BA7D7FF-6729-4E4C-9FEA-2A4A4B4C5A60}.Debug|Any CPU.Build.0 = Debug|Any CPU
		{3BA7D7FF-6729-4E4C-9FEA-2A4A4B4C5A60}.Release|Any CPU.ActiveCfg = Release|Any CPU
		{3BA7D7FF-6729-4E4C-9FEA-2A4A4B4C5A60}.Release|Any CPU.Build.0 = Release|Any CPU
	EndGlobalSection
	GlobalSection(SolutionProperties) = preSolution
		HideSolutionNode = FALSE
	EndGlobalSection
	GlobalSection(ExtensibilityGlobals) = postSolution
		SolutionGuid = {41B44F53-517C-4F69-B8AB-BE4D5A144615}
	EndGlobalSection
EndGlobal
